
Microsoft Visual Studio Solution File, Format Version 12.00
# Visual Studio Version 16
VisualStudioVersion = 16.0.29418.71
MinimumVisualStudioVersion = 10.0.40219.1
Project("{8BC9CEB8-8B4A-11D0-8D11-00A0C91BC942}") = "Lab9VirtualFriends", "Lab9VirtualFriends\Lab9VirtualFriends.vcxproj", "{AC5A5506-6894-4405-BD46-37C3232923FE}"
EndProject
Global
	GlobalSection(SolutionConfigurationPlatforms) = preSolution
		Debug|x64 = Debug|x64
		Debug|x86 = Debug|x86
		Release|x64 = Release|x64
		Release|x86 = Release|x86
	EndGlobalSection
	GlobalSection(ProjectConfigurationPlatforms) = postSolution
		{AC5A5506-6894-4405-BD46-37C3232923FE}.Debug|x64.ActiveCfg = Debug|x64
		{AC5A5506-6894-4405-BD46-37C3232923FE}.Debug|x64.Build.0 = Debug|x64
		{AC5A5506-6894-4405-BD46-37C3232923FE}.Debug|x86.ActiveCfg = Debug|Win32
		{AC5A5506-6894-4405-BD46-37C3232923FE}.Debug|x86.Build.0 = Debug|Win32
		{AC5A5506-6894-4405-BD46-37C3232923FE}.Release|x64.ActiveCfg = Release|x64
		{AC5A5506-6894-4405-BD46-37C3232923FE}.Release|x64.Build.0 = Release|x64
		{AC5A5506-6894-4405-BD46-37C3232923FE}.Release|x86.ActiveCfg = Release|Win32
		{AC5A5506-6894-4405-BD46-37C3232923FE}.Release|x86.Build.0 = Release|Win32
	EndGlobalSection
	GlobalSection(SolutionProperties) = preSolution
		HideSolutionNode = FALSE
	EndGlobalSection
	GlobalSection(ExtensibilityGlobals) = postSolution
		SolutionGuid = {261E62D1-5BC5-4739-A2EF-D51E7069C677}
	EndGlobalSection
EndGlobal
