
Microsoft Visual Studio Solution File, Format Version 12.00
# Visual Studio Version 16
VisualStudioVersion = 16.0.29306.81
MinimumVisualStudioVersion = 10.0.40219.1
Project("{9A19103F-16F7-4668-BE54-9A1E7A4F7556}") = "Lab6", "Lab6.csproj", "{12C1BA0D-6CCA-4BFA-BCB8-26818C4CBEC9}"
EndProject
Global
	GlobalSection(SolutionConfigurationPlatforms) = preSolution
		Debug|Any CPU = Debug|Any CPU
		Debug|x64 = Debug|x64
		Debug|x86 = Debug|x86
		Release|Any CPU = Release|Any CPU
		Release|x64 = Release|x64
		Release|x86 = Release|x86
	EndGlobalSection
	GlobalSection(ProjectConfigurationPlatforms) = postSolution
		{12C1BA0D-6CCA-4BFA-BCB8-26818C4CBEC9}.Debug|Any CPU.ActiveCfg = Debug|Any CPU
		{12C1BA0D-6CCA-4BFA-BCB8-26818C4CBEC9}.Debug|Any CPU.Build.0 = Debug|Any CPU
		{12C1BA0D-6CCA-4BFA-BCB8-26818C4CBEC9}.Debug|x64.ActiveCfg = Debug|Any CPU
		{12C1BA0D-6CCA-4BFA-BCB8-26818C4CBEC9}.Debug|x64.Build.0 = Debug|Any CPU
		{12C1BA0D-6CCA-4BFA-BCB8-26818C4CBEC9}.Debug|x86.ActiveCfg = Debug|Any CPU
		{12C1BA0D-6CCA-4BFA-BCB8-26818C4CBEC9}.Debug|x86.Build.0 = Debug|Any CPU
		{12C1BA0D-6CCA-4BFA-BCB8-26818C4CBEC9}.Release|Any CPU.ActiveCfg = Release|Any CPU
		{12C1BA0D-6CCA-4BFA-BCB8-26818C4CBEC9}.Release|Any CPU.Build.0 = Release|Any CPU
		{12C1BA0D-6CCA-4BFA-BCB8-26818C4CBEC9}.Release|x64.ActiveCfg = Release|Any CPU
		{12C1BA0D-6CCA-4BFA-BCB8-26818C4CBEC9}.Release|x64.Build.0 = Release|Any CPU
		{12C1BA0D-6CCA-4BFA-BCB8-26818C4CBEC9}.Release|x86.ActiveCfg = Release|Any CPU
		{12C1BA0D-6CCA-4BFA-BCB8-26818C4CBEC9}.Release|x86.Build.0 = Release|Any CPU
	EndGlobalSection
	GlobalSection(SolutionProperties) = preSolution
		HideSolutionNode = FALSE
	EndGlobalSection
	GlobalSection(ExtensibilityGlobals) = postSolution
		SolutionGuid = {3DE4E312-5899-4A2F-B869-9C0A59E1027A}
	EndGlobalSection
EndGlobal
