
Microsoft Visual Studio Solution File, Format Version 12.00
# Visual Studio 15
VisualStudioVersion = 15.0.28010.2003
MinimumVisualStudioVersion = 10.0.40219.1
Project("{FAE04EC0-301F-11D3-BF4B-00C04F79EFBC}") = "GroceryListModel", "GroceryList\GroceryList.csproj", "{E8CD7BA2-02B1-4557-BFE9-3D65064D4FC1}"
EndProject
Project("{FAE04EC0-301F-11D3-BF4B-00C04F79EFBC}") = "GroceryListServer", "GroceryListServer\GroceryListServer.csproj", "{665496EF-A665-4615-B939-B507EF2ECA9E}"
EndProject
Project("{FAE04EC0-301F-11D3-BF4B-00C04F79EFBC}") = "GroceryListClient", "GroceryListClient\GroceryListClient.csproj", "{33194615-016F-40CF-8AA3-34B6AC47E57F}"
EndProject
Global
	GlobalSection(SolutionConfigurationPlatforms) = preSolution
		Debug|Any CPU = Debug|Any CPU
		Release|Any CPU = Release|Any CPU
	EndGlobalSection
	GlobalSection(ProjectConfigurationPlatforms) = postSolution
		{E8CD7BA2-02B1-4557-BFE9-3D65064D4FC1}.Debug|Any CPU.ActiveCfg = Debug|Any CPU
		{E8CD7BA2-02B1-4557-BFE9-3D65064D4FC1}.Debug|Any CPU.Build.0 = Debug|Any CPU
		{E8CD7BA2-02B1-4557-BFE9-3D65064D4FC1}.Release|Any CPU.ActiveCfg = Release|Any CPU
		{E8CD7BA2-02B1-4557-BFE9-3D65064D4FC1}.Release|Any CPU.Build.0 = Release|Any CPU
		{665496EF-A665-4615-B939-B507EF2ECA9E}.Debug|Any CPU.ActiveCfg = Debug|Any CPU
		{665496EF-A665-4615-B939-B507EF2ECA9E}.Debug|Any CPU.Build.0 = Debug|Any CPU
		{665496EF-A665-4615-B939-B507EF2ECA9E}.Release|Any CPU.ActiveCfg = Release|Any CPU
		{665496EF-A665-4615-B939-B507EF2ECA9E}.Release|Any CPU.Build.0 = Release|Any CPU
		{33194615-016F-40CF-8AA3-34B6AC47E57F}.Debug|Any CPU.ActiveCfg = Debug|Any CPU
		{33194615-016F-40CF-8AA3-34B6AC47E57F}.Debug|Any CPU.Build.0 = Debug|Any CPU
		{33194615-016F-40CF-8AA3-34B6AC47E57F}.Release|Any CPU.ActiveCfg = Release|Any CPU
		{33194615-016F-40CF-8AA3-34B6AC47E57F}.Release|Any CPU.Build.0 = Release|Any CPU
	EndGlobalSection
	GlobalSection(SolutionProperties) = preSolution
		HideSolutionNode = FALSE
	EndGlobalSection
	GlobalSection(ExtensibilityGlobals) = postSolution
		SolutionGuid = {ADCB45DF-CE88-45D9-A01B-6E5A7002762B}
	EndGlobalSection
EndGlobal
