
Microsoft Visual Studio Solution File, Format Version 12.00
# Visual Studio Version 16
VisualStudioVersion = 16.0.29411.108
MinimumVisualStudioVersion = 10.0.40219.1
Project("{8BC9CEB8-8B4A-11D0-8D11-00A0C91BC942}") = "Lab7Median", "Lab7Median\Lab7Median.vcxproj", "{EC9E6DE9-B92A-4928-A1A1-79F22BA5F434}"
EndProject
Project("{8BC9CEB8-8B4A-11D0-8D11-00A0C91BC942}") = "Lab7SnowRun", "Lab7SnowRun\Lab7SnowRun.vcxproj", "{ABCB8BEF-EAF4-4986-974D-30022B13447E}"
EndProject
Global
	GlobalSection(SolutionConfigurationPlatforms) = preSolution
		Debug|x64 = Debug|x64
		Debug|x86 = Debug|x86
		Release|x64 = Release|x64
		Release|x86 = Release|x86
	EndGlobalSection
	GlobalSection(ProjectConfigurationPlatforms) = postSolution
		{EC9E6DE9-B92A-4928-A1A1-79F22BA5F434}.Debug|x64.ActiveCfg = Debug|x64
		{EC9E6DE9-B92A-4928-A1A1-79F22BA5F434}.Debug|x64.Build.0 = Debug|x64
		{EC9E6DE9-B92A-4928-A1A1-79F22BA5F434}.Debug|x86.ActiveCfg = Debug|Win32
		{EC9E6DE9-B92A-4928-A1A1-79F22BA5F434}.Debug|x86.Build.0 = Debug|Win32
		{EC9E6DE9-B92A-4928-A1A1-79F22BA5F434}.Release|x64.ActiveCfg = Release|x64
		{EC9E6DE9-B92A-4928-A1A1-79F22BA5F434}.Release|x64.Build.0 = Release|x64
		{EC9E6DE9-B92A-4928-A1A1-79F22BA5F434}.Release|x86.ActiveCfg = Release|Win32
		{EC9E6DE9-B92A-4928-A1A1-79F22BA5F434}.Release|x86.Build.0 = Release|Win32
		{ABCB8BEF-EAF4-4986-974D-30022B13447E}.Debug|x64.ActiveCfg = Debug|x64
		{ABCB8BEF-EAF4-4986-974D-30022B13447E}.Debug|x64.Build.0 = Debug|x64
		{ABCB8BEF-EAF4-4986-974D-30022B13447E}.Debug|x86.ActiveCfg = Debug|Win32
		{ABCB8BEF-EAF4-4986-974D-30022B13447E}.Debug|x86.Build.0 = Debug|Win32
		{ABCB8BEF-EAF4-4986-974D-30022B13447E}.Release|x64.ActiveCfg = Release|x64
		{ABCB8BEF-EAF4-4986-974D-30022B13447E}.Release|x64.Build.0 = Release|x64
		{ABCB8BEF-EAF4-4986-974D-30022B13447E}.Release|x86.ActiveCfg = Release|Win32
		{ABCB8BEF-EAF4-4986-974D-30022B13447E}.Release|x86.Build.0 = Release|Win32
	EndGlobalSection
	GlobalSection(SolutionProperties) = preSolution
		HideSolutionNode = FALSE
	EndGlobalSection
	GlobalSection(ExtensibilityGlobals) = postSolution
		SolutionGuid = {FFC8AD9D-ED08-4F06-B03A-533A80F70F96}
	EndGlobalSection
EndGlobal
