
Microsoft Visual Studio Solution File, Format Version 12.00
# Visual Studio Version 17
VisualStudioVersion = 17.14.36221.1 d17.14
MinimumVisualStudioVersion = 10.0.40219.1
Project("{FAE04EC0-301F-11D3-BF4B-00C04F79EFBC}") = "RollNWrite", "RollNWrite.csproj", "{FD6DB821-A066-4FF7-A621-518659A02498}"
EndProject
Global
	GlobalSection(SolutionConfigurationPlatforms) = preSolution
		Debug|Any CPU = Debug|Any CPU
		Release|Any CPU = Release|Any CPU
	EndGlobalSection
	GlobalSection(ProjectConfigurationPlatforms) = postSolution
		{FD6DB821-A066-4FF7-A621-518659A02498}.Debug|Any CPU.ActiveCfg = Debug|Any CPU
		{FD6DB821-A066-4FF7-A621-518659A02498}.Debug|Any CPU.Build.0 = Debug|Any CPU
		{FD6DB821-A066-4FF7-A621-518659A02498}.Release|Any CPU.ActiveCfg = Release|Any CPU
		{FD6DB821-A066-4FF7-A621-518659A02498}.Release|Any CPU.Build.0 = Release|Any CPU
	EndGlobalSection
	GlobalSection(SolutionProperties) = preSolution
		HideSolutionNode = FALSE
	EndGlobalSection
	GlobalSection(ExtensibilityGlobals) = postSolution
		SolutionGuid = {0346DAFA-0028-4725-B81F-AA8D1FB76B7C}
	EndGlobalSection
EndGlobal
