
Microsoft Visual Studio Solution File, Format Version 12.00
# Visual Studio Version 16
VisualStudioVersion = 16.0.30503.244
MinimumVisualStudioVersion = 10.0.40219.1
Project("{FAE04EC0-301F-11D3-BF4B-00C04F79EFBC}") = "ColonizationResourceLib", "ColonizationResourceLib\ColonizationResourceLib.csproj", "{3F1868A6-BDE5-4AD8-8281-BA4725F2C389}"
EndProject
Project("{FAE04EC0-301F-11D3-BF4B-00C04F79EFBC}") = "ColonizationResourceViewer", "ColonizationResourceViewer\ColonizationResourceViewer.csproj", "{C8C7A773-341E-4782-A0FA-12A1B8F63654}"
EndProject
Project("{FAE04EC0-301F-11D3-BF4B-00C04F79EFBC}") = "Extensions", "Extensions\Extensions.csproj", "{9FADD413-0CD3-4B91-9869-8EE939C0D5C7}"
EndProject
Project("{FAE04EC0-301F-11D3-BF4B-00C04F79EFBC}") = "MadsPackLib", "MadsPackLib\MadsPackLib.csproj", "{335CE164-5773-46E3-8296-274030686A27}"
EndProject
Global
	GlobalSection(SolutionConfigurationPlatforms) = preSolution
		Debug|Any CPU = Debug|Any CPU
		Release|Any CPU = Release|Any CPU
	EndGlobalSection
	GlobalSection(ProjectConfigurationPlatforms) = postSolution
		{3F1868A6-BDE5-4AD8-8281-BA4725F2C389}.Debug|Any CPU.ActiveCfg = Debug|Any CPU
		{3F1868A6-BDE5-4AD8-8281-BA4725F2C389}.Debug|Any CPU.Build.0 = Debug|Any CPU
		{3F1868A6-BDE5-4AD8-8281-BA4725F2C389}.Release|Any CPU.ActiveCfg = Release|Any CPU
		{3F1868A6-BDE5-4AD8-8281-BA4725F2C389}.Release|Any CPU.Build.0 = Release|Any CPU
		{C8C7A773-341E-4782-A0FA-12A1B8F63654}.Debug|Any CPU.ActiveCfg = Debug|Any CPU
		{C8C7A773-341E-4782-A0FA-12A1B8F63654}.Debug|Any CPU.Build.0 = Debug|Any CPU
		{C8C7A773-341E-4782-A0FA-12A1B8F63654}.Release|Any CPU.ActiveCfg = Release|Any CPU
		{C8C7A773-341E-4782-A0FA-12A1B8F63654}.Release|Any CPU.Build.0 = Release|Any CPU
		{9FADD413-0CD3-4B91-9869-8EE939C0D5C7}.Debug|Any CPU.ActiveCfg = Debug|Any CPU
		{9FADD413-0CD3-4B91-9869-8EE939C0D5C7}.Debug|Any CPU.Build.0 = Debug|Any CPU
		{9FADD413-0CD3-4B91-9869-8EE939C0D5C7}.Release|Any CPU.ActiveCfg = Release|Any CPU
		{9FADD413-0CD3-4B91-9869-8EE939C0D5C7}.Release|Any CPU.Build.0 = Release|Any CPU
		{335CE164-5773-46E3-8296-274030686A27}.Debug|Any CPU.ActiveCfg = Debug|Any CPU
		{335CE164-5773-46E3-8296-274030686A27}.Debug|Any CPU.Build.0 = Debug|Any CPU
		{335CE164-5773-46E3-8296-274030686A27}.Release|Any CPU.ActiveCfg = Release|Any CPU
		{335CE164-5773-46E3-8296-274030686A27}.Release|Any CPU.Build.0 = Release|Any CPU
	EndGlobalSection
	GlobalSection(SolutionProperties) = preSolution
		HideSolutionNode = FALSE
	EndGlobalSection
	GlobalSection(ExtensibilityGlobals) = postSolution
		SolutionGuid = {861B2FDE-A0C6-45D8-961D-67AE23EA858E}
	EndGlobalSection
EndGlobal
