
Microsoft Visual Studio Solution File, Format Version 12.00
# Visual Studio 14
VisualStudioVersion = 14.0.23107.0
MinimumVisualStudioVersion = 10.0.40219.1
Project("{2150E333-8FDC-42A3-9474-1A3956D46DE8}") = "src", "src", "{E0FD0CBC-95FE-49B0-98B5-1A7B18EF39B3}"
EndProject
Project("{2150E333-8FDC-42A3-9474-1A3956D46DE8}") = "Solution Items", "Solution Items", "{6A2EDFAD-6800-4A95-8791-20890EDAAB29}"
	ProjectSection(SolutionItems) = preProject
		global.json = global.json
	EndProjectSection
EndProject
Project("{8BB2217D-0F2D-49D1-97BC-3654ED321F3B}") = "Text2Web", "src\Text2Web\Text2Web.xproj", "{6BCB21EE-4188-4E9A-A4C3-C3593C2A60AF}"
EndProject
Global
	GlobalSection(SolutionConfigurationPlatforms) = preSolution
		Debug|Any CPU = Debug|Any CPU
		Release|Any CPU = Release|Any CPU
	EndGlobalSection
	GlobalSection(ProjectConfigurationPlatforms) = postSolution
		{6BCB21EE-4188-4E9A-A4C3-C3593C2A60AF}.Debug|Any CPU.ActiveCfg = Debug|Any CPU
		{6BCB21EE-4188-4E9A-A4C3-C3593C2A60AF}.Debug|Any CPU.Build.0 = Debug|Any CPU
		{6BCB21EE-4188-4E9A-A4C3-C3593C2A60AF}.Release|Any CPU.ActiveCfg = Release|Any CPU
		{6BCB21EE-4188-4E9A-A4C3-C3593C2A60AF}.Release|Any CPU.Build.0 = Release|Any CPU
	EndGlobalSection
	GlobalSection(SolutionProperties) = preSolution
		HideSolutionNode = FALSE
	EndGlobalSection
	GlobalSection(NestedProjects) = preSolution
		{6BCB21EE-4188-4E9A-A4C3-C3593C2A60AF} = {E0FD0CBC-95FE-49B0-98B5-1A7B18EF39B3}
	EndGlobalSection
EndGlobal
