
Microsoft Visual Studio Solution File, Format Version 12.00
# Visual Studio Version 16
VisualStudioVersion = 16.0.29306.81
MinimumVisualStudioVersion = 10.0.40219.1
Project("{8BC9CEB8-8B4A-11D0-8D11-00A0C91BC942}") = "Lab3", "Lab3.vcxproj", "{1F8EF234-312A-4F75-9B0A-5E5D2345623D}"
EndProject
Global
	GlobalSection(SolutionConfigurationPlatforms) = preSolution
		Debug|x64 = Debug|x64
		Debug|x86 = Debug|x86
		Release|x64 = Release|x64
		Release|x86 = Release|x86
	EndGlobalSection
	GlobalSection(ProjectConfigurationPlatforms) = postSolution
		{1F8EF234-312A-4F75-9B0A-5E5D2345623D}.Debug|x64.ActiveCfg = Debug|x64
		{1F8EF234-312A-4F75-9B0A-5E5D2345623D}.Debug|x64.Build.0 = Debug|x64
		{1F8EF234-312A-4F75-9B0A-5E5D2345623D}.Debug|x86.ActiveCfg = Debug|Win32
		{1F8EF234-312A-4F75-9B0A-5E5D2345623D}.Debug|x86.Build.0 = Debug|Win32
		{1F8EF234-312A-4F75-9B0A-5E5D2345623D}.Release|x64.ActiveCfg = Release|x64
		{1F8EF234-312A-4F75-9B0A-5E5D2345623D}.Release|x64.Build.0 = Release|x64
		{1F8EF234-312A-4F75-9B0A-5E5D2345623D}.Release|x86.ActiveCfg = Release|Win32
		{1F8EF234-312A-4F75-9B0A-5E5D2345623D}.Release|x86.Build.0 = Release|Win32
	EndGlobalSection
	GlobalSection(SolutionProperties) = preSolution
		HideSolutionNode = FALSE
	EndGlobalSection
	GlobalSection(ExtensibilityGlobals) = postSolution
		SolutionGuid = {7E4FC6F7-2870-4A13-A229-55F3E1D9250C}
	EndGlobalSection
EndGlobal
